
Microsoft Visual Studio Solution File, Format Version 12.00
# Visual Studio Version 17
VisualStudioVersion = 17.14.36017.23
MinimumVisualStudioVersion = 10.0.40219.1
Project("{FAE04EC0-301F-11D3-BF4B-00C04F79EFBC}") = "HelloToAsp", "HelloToAsp\HelloToAsp.csproj", "{0E2702A7-05C0-4F2D-9911-F292CDD024C2}"
EndProject
Project("{FAE04EC0-301F-11D3-BF4B-00C04F79EFBC}") = "HelloToAsp.Data", "HelloToAsp.Data\HelloToAsp.Data.csproj", "{3E468F92-9FE5-460A-85A7-1504BA46B1E1}"
EndProject
Project("{FAE04EC0-301F-11D3-BF4B-00C04F79EFBC}") = "HelloToAsp.Core", "HelloToAsp.Core\HelloToAsp.Core.csproj", "{48395A13-892B-440A-B5BE-02CD869978A0}"
EndProject
Global
	GlobalSection(SolutionConfigurationPlatforms) = preSolution
		Debug|Any CPU = Debug|Any CPU
		Release|Any CPU = Release|Any CPU
	EndGlobalSection
	GlobalSection(ProjectConfigurationPlatforms) = postSolution
		{0E2702A7-05C0-4F2D-9911-F292CDD024C2}.Debug|Any CPU.ActiveCfg = Debug|Any CPU
		{0E2702A7-05C0-4F2D-9911-F292CDD024C2}.Debug|Any CPU.Build.0 = Debug|Any CPU
		{0E2702A7-05C0-4F2D-9911-F292CDD024C2}.Release|Any CPU.ActiveCfg = Release|Any CPU
		{0E2702A7-05C0-4F2D-9911-F292CDD024C2}.Release|Any CPU.Build.0 = Release|Any CPU
		{3E468F92-9FE5-460A-85A7-1504BA46B1E1}.Debug|Any CPU.ActiveCfg = Debug|Any CPU
		{3E468F92-9FE5-460A-85A7-1504BA46B1E1}.Debug|Any CPU.Build.0 = Debug|Any CPU
		{3E468F92-9FE5-460A-85A7-1504BA46B1E1}.Release|Any CPU.ActiveCfg = Release|Any CPU
		{3E468F92-9FE5-460A-85A7-1504BA46B1E1}.Release|Any CPU.Build.0 = Release|Any CPU
		{48395A13-892B-440A-B5BE-02CD869978A0}.Debug|Any CPU.ActiveCfg = Debug|Any CPU
		{48395A13-892B-440A-B5BE-02CD869978A0}.Debug|Any CPU.Build.0 = Debug|Any CPU
		{48395A13-892B-440A-B5BE-02CD869978A0}.Release|Any CPU.ActiveCfg = Release|Any CPU
		{48395A13-892B-440A-B5BE-02CD869978A0}.Release|Any CPU.Build.0 = Release|Any CPU
	EndGlobalSection
	GlobalSection(SolutionProperties) = preSolution
		HideSolutionNode = FALSE
	EndGlobalSection
	GlobalSection(ExtensibilityGlobals) = postSolution
		SolutionGuid = {39AB26FB-6992-423D-BB5C-0A685A1B0646}
	EndGlobalSection
EndGlobal
